
Microsoft Visual Studio Solution File, Format Version 12.00
# Visual Studio Version 16
VisualStudioVersion = 16.0.30330.147
MinimumVisualStudioVersion = 10.0.40219.1
Project("{FAE04EC0-301F-11D3-BF4B-00C04F79EFBC}") = "Api", "Api\Api.csproj", "{210F9065-6FC5-4067-877D-7AD1FCAF5E1E}"
EndProject
Project("{FAE04EC0-301F-11D3-BF4B-00C04F79EFBC}") = "Domain", "Domain\Domain.csproj", "{37AE00EA-A98B-48C9-BBC5-6B04FCC422F6}"
EndProject
Project("{FAE04EC0-301F-11D3-BF4B-00C04F79EFBC}") = "Infra", "Infra\Infra.csproj", "{E461DF55-6F02-4FAF-9075-8ABE29D3FFF1}"
EndProject
Project("{FAE04EC0-301F-11D3-BF4B-00C04F79EFBC}") = "Application", "Application\Application.csproj", "{286CD174-1FC9-4EAF-832E-DC4B09930149}"
EndProject
Project("{FAE04EC0-301F-11D3-BF4B-00C04F79EFBC}") = "Tests", "Tests\Tests.csproj", "{BC43E972-3E5A-41CD-BEF2-CC6675106103}"
EndProject
Global
	GlobalSection(SolutionConfigurationPlatforms) = preSolution
		Debug|Any CPU = Debug|Any CPU
		Release|Any CPU = Release|Any CPU
	EndGlobalSection
	GlobalSection(ProjectConfigurationPlatforms) = postSolution
		{210F9065-6FC5-4067-877D-7AD1FCAF5E1E}.Debug|Any CPU.ActiveCfg = Debug|Any CPU
		{210F9065-6FC5-4067-877D-7AD1FCAF5E1E}.Debug|Any CPU.Build.0 = Debug|Any CPU
		{210F9065-6FC5-4067-877D-7AD1FCAF5E1E}.Release|Any CPU.ActiveCfg = Release|Any CPU
		{210F9065-6FC5-4067-877D-7AD1FCAF5E1E}.Release|Any CPU.Build.0 = Release|Any CPU
		{37AE00EA-A98B-48C9-BBC5-6B04FCC422F6}.Debug|Any CPU.ActiveCfg = Debug|Any CPU
		{37AE00EA-A98B-48C9-BBC5-6B04FCC422F6}.Debug|Any CPU.Build.0 = Debug|Any CPU
		{37AE00EA-A98B-48C9-BBC5-6B04FCC422F6}.Release|Any CPU.ActiveCfg = Release|Any CPU
		{37AE00EA-A98B-48C9-BBC5-6B04FCC422F6}.Release|Any CPU.Build.0 = Release|Any CPU
		{E461DF55-6F02-4FAF-9075-8ABE29D3FFF1}.Debug|Any CPU.ActiveCfg = Debug|Any CPU
		{E461DF55-6F02-4FAF-9075-8ABE29D3FFF1}.Debug|Any CPU.Build.0 = Debug|Any CPU
		{E461DF55-6F02-4FAF-9075-8ABE29D3FFF1}.Release|Any CPU.ActiveCfg = Release|Any CPU
		{E461DF55-6F02-4FAF-9075-8ABE29D3FFF1}.Release|Any CPU.Build.0 = Release|Any CPU
		{286CD174-1FC9-4EAF-832E-DC4B09930149}.Debug|Any CPU.ActiveCfg = Debug|Any CPU
		{286CD174-1FC9-4EAF-832E-DC4B09930149}.Debug|Any CPU.Build.0 = Debug|Any CPU
		{286CD174-1FC9-4EAF-832E-DC4B09930149}.Release|Any CPU.ActiveCfg = Release|Any CPU
		{286CD174-1FC9-4EAF-832E-DC4B09930149}.Release|Any CPU.Build.0 = Release|Any CPU
		{BC43E972-3E5A-41CD-BEF2-CC6675106103}.Debug|Any CPU.ActiveCfg = Debug|Any CPU
		{BC43E972-3E5A-41CD-BEF2-CC6675106103}.Debug|Any CPU.Build.0 = Debug|Any CPU
		{BC43E972-3E5A-41CD-BEF2-CC6675106103}.Release|Any CPU.ActiveCfg = Release|Any CPU
		{BC43E972-3E5A-41CD-BEF2-CC6675106103}.Release|Any CPU.Build.0 = Release|Any CPU
	EndGlobalSection
	GlobalSection(SolutionProperties) = preSolution
		HideSolutionNode = FALSE
	EndGlobalSection
	GlobalSection(ExtensibilityGlobals) = postSolution
		SolutionGuid = {AD37F7F7-A72B-4C4B-BBF3-17FB23F7D990}
	EndGlobalSection
EndGlobal
